{
    "name": "fix-image-rotation",
    "version": "2.2.2",
    "lockfileVersion": 3,
    "requires": true,
    "packages": {
        "": {
            "name": "fix-image-rotation",
            "version": "2.2.2",
            "license": "GPL-2.0",
            "devDependencies": {}
        }
    }
}
